
Microsoft Visual Studio Solution File, Format Version 12.00
Project("{FAE04EC0-301F-11D3-BF4B-00C04F79EFBC}") = "Medium.RateLimit.Fixed", "Medium.RateLimit.Fixed\Medium.RateLimit.Fixed.csproj", "{80E115EF-2980-4DBD-B42D-5F3DDB443FB4}"
EndProject
Global
	GlobalSection(SolutionConfigurationPlatforms) = preSolution
		Debug|Any CPU = Debug|Any CPU
		Release|Any CPU = Release|Any CPU
	EndGlobalSection
	GlobalSection(ProjectConfigurationPlatforms) = postSolution
		{80E115EF-2980-4DBD-B42D-5F3DDB443FB4}.Debug|Any CPU.ActiveCfg = Debug|Any CPU
		{80E115EF-2980-4DBD-B42D-5F3DDB443FB4}.Debug|Any CPU.Build.0 = Debug|Any CPU
		{80E115EF-2980-4DBD-B42D-5F3DDB443FB4}.Release|Any CPU.ActiveCfg = Release|Any CPU
		{80E115EF-2980-4DBD-B42D-5F3DDB443FB4}.Release|Any CPU.Build.0 = Release|Any CPU
	EndGlobalSection
EndGlobal
